
Microsoft Visual Studio Solution File, Format Version 12.00
# Visual Studio Version 17
VisualStudioVersion = 17.5.33424.131
MinimumVisualStudioVersion = 10.0.40219.1
Project("{FAE04EC0-301F-11D3-BF4B-00C04F79EFBC}") = "9_07_2023_Planner.UnitTests", "9_07_2023_Planner.UnitTests\9_07_2023_Planner.UnitTests.csproj", "{0AB3A0BF-1716-4900-8B01-A321B98D19DC}"
EndProject
Global
	GlobalSection(SolutionConfigurationPlatforms) = preSolution
		Debug|Any CPU = Debug|Any CPU
		Release|Any CPU = Release|Any CPU
	EndGlobalSection
	GlobalSection(ProjectConfigurationPlatforms) = postSolution
		{0AB3A0BF-1716-4900-8B01-A321B98D19DC}.Debug|Any CPU.ActiveCfg = Debug|Any CPU
		{0AB3A0BF-1716-4900-8B01-A321B98D19DC}.Debug|Any CPU.Build.0 = Debug|Any CPU
		{0AB3A0BF-1716-4900-8B01-A321B98D19DC}.Release|Any CPU.ActiveCfg = Release|Any CPU
		{0AB3A0BF-1716-4900-8B01-A321B98D19DC}.Release|Any CPU.Build.0 = Release|Any CPU
	EndGlobalSection
	GlobalSection(SolutionProperties) = preSolution
		HideSolutionNode = FALSE
	EndGlobalSection
	GlobalSection(ExtensibilityGlobals) = postSolution
		SolutionGuid = {038AB8F3-0FDA-4AA5-B2C0-1BCF9751483D}
	EndGlobalSection
EndGlobal
